
Microsoft Visual Studio Solution File, Format Version 12.00
# Visual Studio Version 16
VisualStudioVersion = 16.0.30503.244
MinimumVisualStudioVersion = 10.0.40219.1
Project("{FAE04EC0-301F-11D3-BF4B-00C04F79EFBC}") = "BattleMechanics", "BattleMechanics\BattleMechanics.csproj", "{0EBE5137-C434-42E7-8FDF-DE91B42CA9CB}"
EndProject
Global
	GlobalSection(SolutionConfigurationPlatforms) = preSolution
		Debug|Any CPU = Debug|Any CPU
		Release|Any CPU = Release|Any CPU
	EndGlobalSection
	GlobalSection(ProjectConfigurationPlatforms) = postSolution
		{0EBE5137-C434-42E7-8FDF-DE91B42CA9CB}.Debug|Any CPU.ActiveCfg = Debug|Any CPU
		{0EBE5137-C434-42E7-8FDF-DE91B42CA9CB}.Debug|Any CPU.Build.0 = Debug|Any CPU
		{0EBE5137-C434-42E7-8FDF-DE91B42CA9CB}.Release|Any CPU.ActiveCfg = Release|Any CPU
		{0EBE5137-C434-42E7-8FDF-DE91B42CA9CB}.Release|Any CPU.Build.0 = Release|Any CPU
	EndGlobalSection
	GlobalSection(SolutionProperties) = preSolution
		HideSolutionNode = FALSE
	EndGlobalSection
	GlobalSection(ExtensibilityGlobals) = postSolution
		SolutionGuid = {7E577D96-CDC7-4FD5-972E-E39492E31E76}
	EndGlobalSection
EndGlobal
